
Microsoft Visual Studio Solution File, Format Version 12.00
# Visual Studio Version 16
VisualStudioVersion = 16.0.31205.134
MinimumVisualStudioVersion = 10.0.40219.1
Project("{FAE04EC0-301F-11D3-BF4B-00C04F79EFBC}") = "AccessOAuthRESTApi", "AccessOAuthRESTApi\AccessOAuthRESTApi.csproj", "{97A119AB-21B2-4821-9118-96DB27259C19}"
EndProject
Global
	GlobalSection(SolutionConfigurationPlatforms) = preSolution
		Debug|Any CPU = Debug|Any CPU
		Release|Any CPU = Release|Any CPU
	EndGlobalSection
	GlobalSection(ProjectConfigurationPlatforms) = postSolution
		{97A119AB-21B2-4821-9118-96DB27259C19}.Debug|Any CPU.ActiveCfg = Debug|Any CPU
		{97A119AB-21B2-4821-9118-96DB27259C19}.Debug|Any CPU.Build.0 = Debug|Any CPU
		{97A119AB-21B2-4821-9118-96DB27259C19}.Release|Any CPU.ActiveCfg = Release|Any CPU
		{97A119AB-21B2-4821-9118-96DB27259C19}.Release|Any CPU.Build.0 = Release|Any CPU
	EndGlobalSection
	GlobalSection(SolutionProperties) = preSolution
		HideSolutionNode = FALSE
	EndGlobalSection
	GlobalSection(ExtensibilityGlobals) = postSolution
		SolutionGuid = {60F955E0-F85C-4CF7-AC87-3F5D4700C7A3}
	EndGlobalSection
EndGlobal
